
Microsoft Visual Studio Solution File, Format Version 12.00
# Visual Studio Version 17
VisualStudioVersion = 17.7.34003.232
MinimumVisualStudioVersion = 10.0.40219.1
Project("{9A19103F-16F7-4668-BE54-9A1E7A4F7556}") = "MachineLearning.API", "MachineLearning.API\MachineLearning.API.csproj", "{FB0D8C0F-437A-44CC-8562-F805A9E2771B}"
EndProject
Project("{FAE04EC0-301F-11D3-BF4B-00C04F79EFBC}") = "MachineLearning.Core", "MachineLearning.Core\MachineLearning.Core.csproj", "{266D5B18-482F-4474-850D-10C09DC30BF6}"
EndProject
Project("{FAE04EC0-301F-11D3-BF4B-00C04F79EFBC}") = "MachineLearning.Infrastructure", "MachineLearning.Infrastructure\MachineLearning.Infrastructure.csproj", "{BAAAB0E8-5E54-46D3-8D58-0F53B340EA98}"
EndProject
Global
	GlobalSection(SolutionConfigurationPlatforms) = preSolution
		Debug|Any CPU = Debug|Any CPU
		Release|Any CPU = Release|Any CPU
	EndGlobalSection
	GlobalSection(ProjectConfigurationPlatforms) = postSolution
		{FB0D8C0F-437A-44CC-8562-F805A9E2771B}.Debug|Any CPU.ActiveCfg = Debug|Any CPU
		{FB0D8C0F-437A-44CC-8562-F805A9E2771B}.Debug|Any CPU.Build.0 = Debug|Any CPU
		{FB0D8C0F-437A-44CC-8562-F805A9E2771B}.Release|Any CPU.ActiveCfg = Release|Any CPU
		{FB0D8C0F-437A-44CC-8562-F805A9E2771B}.Release|Any CPU.Build.0 = Release|Any CPU
		{266D5B18-482F-4474-850D-10C09DC30BF6}.Debug|Any CPU.ActiveCfg = Debug|Any CPU
		{266D5B18-482F-4474-850D-10C09DC30BF6}.Debug|Any CPU.Build.0 = Debug|Any CPU
		{266D5B18-482F-4474-850D-10C09DC30BF6}.Release|Any CPU.ActiveCfg = Release|Any CPU
		{266D5B18-482F-4474-850D-10C09DC30BF6}.Release|Any CPU.Build.0 = Release|Any CPU
		{BAAAB0E8-5E54-46D3-8D58-0F53B340EA98}.Debug|Any CPU.ActiveCfg = Debug|Any CPU
		{BAAAB0E8-5E54-46D3-8D58-0F53B340EA98}.Debug|Any CPU.Build.0 = Debug|Any CPU
		{BAAAB0E8-5E54-46D3-8D58-0F53B340EA98}.Release|Any CPU.ActiveCfg = Release|Any CPU
		{BAAAB0E8-5E54-46D3-8D58-0F53B340EA98}.Release|Any CPU.Build.0 = Release|Any CPU
	EndGlobalSection
	GlobalSection(SolutionProperties) = preSolution
		HideSolutionNode = FALSE
	EndGlobalSection
	GlobalSection(ExtensibilityGlobals) = postSolution
		SolutionGuid = {6E26E5E1-C310-4C04-BF65-6F40EC4BD9EB}
	EndGlobalSection
EndGlobal
